{
  "originHash" : "e5824bd55525e810b092b09799b095d0d99ce59dbafb0dd3fb1013a8d2f3e666",
  "pins" : [
    {
      "identity" : "blinkid-ios",
      "kind" : "remoteSourceControl",
      "location" : "https://github.com/BlinkID/blinkid-ios.git",
      "state" : {
        "branch" : "master",
        "revision" : "1ebdf400bfabbf3e178c6cdf235c95421ae6c6df"
      }
    },
    {
      "identity" : "codescanner",
      "kind" : "remoteSourceControl",
      "location" : "https://github.com/twostraws/CodeScanner",
      "state" : {
        "revision" : "944a6a1ca030dbd890e647a678e718fc2115d35c",
        "version" : "2.4.1"
      }
    }
  ],
  "version" : 3
}
