{
  "object": {
    "pins": [
      {
        "package": "BlinkID",
        "repositoryURL": "https://github.com/BlinkID/blinkid-swift-package",
        "state": {
          "branch": "main",
          "revision": "8d53b1c504dd8f255f8d1c7855410fe7360056fe",
          "version": null
        }
      },
      {
        "package": "CodeScanner",
        "repositoryURL": "https://github.com/twostraws/CodeScanner",
        "state": {
          "branch": null,
          "revision": "c27a66149b7483fe42e2ec6aad61d5c3fffe522d",
          "version": "2.1.1"
        }
      }
    ]
  },
  "version": 1
}
